// !$*UTF8*$!
{
	archiveVersion = 1;
	classes = {
	};
	objectVersion = 46;
	objects = {

/* Begin PBXBuildFile section */
		273C2A0B1BB8383500FB1494 /* main.m in Sources */ = {isa = PBXBuildFile; fileRef = 273C2A0A1BB8383500FB1494 /* main.m */; };
		273C2A0E1BB8383500FB1494 /* AppDelegate.m in Sources */ = {isa = PBXBuildFile; fileRef = 273C2A0D1BB8383500FB1494 /* AppDelegate.m */; };
		273C2A111BB8383500FB1494 /* ViewController.m in Sources */ = {isa = PBXBuildFile; fileRef = 273C2A101BB8383500FB1494 /* ViewController.m */; };
		273C2A141BB8383500FB1494 /* Main.storyboard in Resources */ = {isa = PBXBuildFile; fileRef = 273C2A121BB8383500FB1494 /* Main.storyboard */; };
		273C2A161BB8383500FB1494 /* Assets.xcassets in Resources */ = {isa = PBXBuildFile; fileRef = 273C2A151BB8383500FB1494 /* Assets.xcassets */; };
		273C2A191BB8383500FB1494 /* LaunchScreen.storyboard in Resources */ = {isa = PBXBuildFile; fileRef = 273C2A171BB8383500FB1494 /* LaunchScreen.storyboard */; };
		273C2A2B1BB8388100FB1494 /* Debug.m in Sources */ = {isa = PBXBuildFile; fileRef = 273C2A221BB8388100FB1494 /* Debug.m */; settings = {ASSET_TAGS = (); }; };
		273C2A2C1BB8388100FB1494 /* DebugLogView.m in Sources */ = {isa = PBXBuildFile; fileRef = 273C2A241BB8388100FB1494 /* DebugLogView.m */; settings = {ASSET_TAGS = (); }; };
		273C2A2D1BB8388100FB1494 /* DebugTip.m in Sources */ = {isa = PBXBuildFile; fileRef = 273C2A261BB8388100FB1494 /* DebugTip.m */; settings = {ASSET_TAGS = (); }; };
		273C2A2E1BB8388100FB1494 /* FileLogger.m in Sources */ = {isa = PBXBuildFile; fileRef = 273C2A281BB8388100FB1494 /* FileLogger.m */; settings = {ASSET_TAGS = (); }; };
		273C2A2F1BB8388100FB1494 /* UIAlertView+Easy.m in Sources */ = {isa = PBXBuildFile; fileRef = 273C2A2A1BB8388100FB1494 /* UIAlertView+Easy.m */; settings = {ASSET_TAGS = (); }; };
/* End PBXBuildFile section */

/* Begin PBXFileReference section */
		273C2A061BB8383500FB1494 /* TestAZDebugUtil.app */ = {isa = PBXFileReference; explicitFileType = wrapper.application; includeInIndex = 0; path = TestAZDebugUtil.app; sourceTree = BUILT_PRODUCTS_DIR; };
		273C2A0A1BB8383500FB1494 /* main.m */ = {isa = PBXFileReference; lastKnownFileType = sourcecode.c.objc; path = main.m; sourceTree = "<group>"; };
		273C2A0C1BB8383500FB1494 /* AppDelegate.h */ = {isa = PBXFileReference; lastKnownFileType = sourcecode.c.h; path = AppDelegate.h; sourceTree = "<group>"; };
		273C2A0D1BB8383500FB1494 /* AppDelegate.m */ = {isa = PBXFileReference; lastKnownFileType = sourcecode.c.objc; path = AppDelegate.m; sourceTree = "<group>"; };
		273C2A0F1BB8383500FB1494 /* ViewController.h */ = {isa = PBXFileReference; lastKnownFileType = sourcecode.c.h; path = ViewController.h; sourceTree = "<group>"; };
		273C2A101BB8383500FB1494 /* ViewController.m */ = {isa = PBXFileReference; lastKnownFileType = sourcecode.c.objc; path = ViewController.m; sourceTree = "<group>"; };
		273C2A131BB8383500FB1494 /* Base */ = {isa = PBXFileReference; lastKnownFileType = file.storyboard; name = Base; path = Base.lproj/Main.storyboard; sourceTree = "<group>"; };
		273C2A151BB8383500FB1494 /* Assets.xcassets */ = {isa = PBXFileReference; lastKnownFileType = folder.assetcatalog; path = Assets.xcassets; sourceTree = "<group>"; };
		273C2A181BB8383500FB1494 /* Base */ = {isa = PBXFileReference; lastKnownFileType = file.storyboard; name = Base; path = Base.lproj/LaunchScreen.storyboard; sourceTree = "<group>"; };
		273C2A1A1BB8383500FB1494 /* Info.plist */ = {isa = PBXFileReference; lastKnownFileType = text.plist.xml; path = Info.plist; sourceTree = "<group>"; };
		273C2A211BB8388100FB1494 /* Debug.h */ = {isa = PBXFileReference; fileEncoding = 4; lastKnownFileType = sourcecode.c.h; path = Debug.h; sourceTree = "<group>"; };
		273C2A221BB8388100FB1494 /* Debug.m */ = {isa = PBXFileReference; fileEncoding = 4; lastKnownFileType = sourcecode.c.objc; path = Debug.m; sourceTree = "<group>"; };
		273C2A231BB8388100FB1494 /* DebugLogView.h */ = {isa = PBXFileReference; fileEncoding = 4; lastKnownFileType = sourcecode.c.h; path = DebugLogView.h; sourceTree = "<group>"; };
		273C2A241BB8388100FB1494 /* DebugLogView.m */ = {isa = PBXFileReference; fileEncoding = 4; lastKnownFileType = sourcecode.c.objc; path = DebugLogView.m; sourceTree = "<group>"; };
		273C2A251BB8388100FB1494 /* DebugTip.h */ = {isa = PBXFileReference; fileEncoding = 4; lastKnownFileType = sourcecode.c.h; path = DebugTip.h; sourceTree = "<group>"; };
		273C2A261BB8388100FB1494 /* DebugTip.m */ = {isa = PBXFileReference; fileEncoding = 4; lastKnownFileType = sourcecode.c.objc; path = DebugTip.m; sourceTree = "<group>"; };
		273C2A271BB8388100FB1494 /* FileLogger.h */ = {isa = PBXFileReference; fileEncoding = 4; lastKnownFileType = sourcecode.c.h; path = FileLogger.h; sourceTree = "<group>"; };
		273C2A281BB8388100FB1494 /* FileLogger.m */ = {isa = PBXFileReference; fileEncoding = 4; lastKnownFileType = sourcecode.c.objc; path = FileLogger.m; sourceTree = "<group>"; };
		273C2A291BB8388100FB1494 /* UIAlertView+Easy.h */ = {isa = PBXFileReference; fileEncoding = 4; lastKnownFileType = sourcecode.c.h; path = "UIAlertView+Easy.h"; sourceTree = "<group>"; };
		273C2A2A1BB8388100FB1494 /* UIAlertView+Easy.m */ = {isa = PBXFileReference; fileEncoding = 4; lastKnownFileType = sourcecode.c.objc; path = "UIAlertView+Easy.m"; sourceTree = "<group>"; };
/* End PBXFileReference section */

/* Begin PBXFrameworksBuildPhase section */
		273C2A031BB8383500FB1494 /* Frameworks */ = {
			isa = PBXFrameworksBuildPhase;
			buildActionMask = 2147483647;
			files = (
			);
			runOnlyForDeploymentPostprocessing = 0;
		};
/* End PBXFrameworksBuildPhase section */

/* Begin PBXGroup section */
		273C29FD1BB8383500FB1494 = {
			isa = PBXGroup;
			children = (
				273C2A201BB8388100FB1494 /* src */,
				273C2A081BB8383500FB1494 /* TestAZDebugUtil */,
				273C2A071BB8383500FB1494 /* Products */,
			);
			sourceTree = "<group>";
		};
		273C2A071BB8383500FB1494 /* Products */ = {
			isa = PBXGroup;
			children = (
				273C2A061BB8383500FB1494 /* TestAZDebugUtil.app */,
			);
			name = Products;
			sourceTree = "<group>";
		};
		273C2A081BB8383500FB1494 /* TestAZDebugUtil */ = {
			isa = PBXGroup;
			children = (
				273C2A0C1BB8383500FB1494 /* AppDelegate.h */,
				273C2A0D1BB8383500FB1494 /* AppDelegate.m */,
				273C2A0F1BB8383500FB1494 /* ViewController.h */,
				273C2A101BB8383500FB1494 /* ViewController.m */,
				273C2A121BB8383500FB1494 /* Main.storyboard */,
				273C2A151BB8383500FB1494 /* Assets.xcassets */,
				273C2A171BB8383500FB1494 /* LaunchScreen.storyboard */,
				273C2A1A1BB8383500FB1494 /* Info.plist */,
				273C2A091BB8383500FB1494 /* Supporting Files */,
			);
			path = TestAZDebugUtil;
			sourceTree = "<group>";
		};
		273C2A091BB8383500FB1494 /* Supporting Files */ = {
			isa = PBXGroup;
			children = (
				273C2A0A1BB8383500FB1494 /* main.m */,
			);
			name = "Supporting Files";
			sourceTree = "<group>";
		};
		273C2A201BB8388100FB1494 /* src */ = {
			isa = PBXGroup;
			children = (
				273C2A211BB8388100FB1494 /* Debug.h */,
				273C2A221BB8388100FB1494 /* Debug.m */,
				273C2A231BB8388100FB1494 /* DebugLogView.h */,
				273C2A241BB8388100FB1494 /* DebugLogView.m */,
				273C2A251BB8388100FB1494 /* DebugTip.h */,
				273C2A261BB8388100FB1494 /* DebugTip.m */,
				273C2A271BB8388100FB1494 /* FileLogger.h */,
				273C2A281BB8388100FB1494 /* FileLogger.m */,
				273C2A291BB8388100FB1494 /* UIAlertView+Easy.h */,
				273C2A2A1BB8388100FB1494 /* UIAlertView+Easy.m */,
			);
			path = src;
			sourceTree = "<group>";
		};
/* End PBXGroup section */

/* Begin PBXNativeTarget section */
		273C2A051BB8383500FB1494 /* TestAZDebugUtil */ = {
			isa = PBXNativeTarget;
			buildConfigurationList = 273C2A1D1BB8383500FB1494 /* Build configuration list for PBXNativeTarget "TestAZDebugUtil" */;
			buildPhases = (
				273C2A021BB8383500FB1494 /* Sources */,
				273C2A031BB8383500FB1494 /* Frameworks */,
				273C2A041BB8383500FB1494 /* Resources */,
			);
			buildRules = (
			);
			dependencies = (
			);
			name = TestAZDebugUtil;
			productName = TestAZDebugUtil;
			productReference = 273C2A061BB8383500FB1494 /* TestAZDebugUtil.app */;
			productType = "com.apple.product-type.application";
		};
/* End PBXNativeTarget section */

/* Begin PBXProject section */
		273C29FE1BB8383500FB1494 /* Project object */ = {
			isa = PBXProject;
			attributes = {
				LastUpgradeCheck = 0700;
				ORGANIZATIONNAME = "Albert Zhang";
				TargetAttributes = {
					273C2A051BB8383500FB1494 = {
						CreatedOnToolsVersion = 7.0;
					};
				};
			};
			buildConfigurationList = 273C2A011BB8383500FB1494 /* Build configuration list for PBXProject "TestAZDebugUtil" */;
			compatibilityVersion = "Xcode 3.2";
			developmentRegion = English;
			hasScannedForEncodings = 0;
			knownRegions = (
				en,
				Base,
			);
			mainGroup = 273C29FD1BB8383500FB1494;
			productRefGroup = 273C2A071BB8383500FB1494 /* Products */;
			projectDirPath = "";
			projectRoot = "";
			targets = (
				273C2A051BB8383500FB1494 /* TestAZDebugUtil */,
			);
		};
/* End PBXProject section */

/* Begin PBXResourcesBuildPhase section */
		273C2A041BB8383500FB1494 /* Resources */ = {
			isa = PBXResourcesBuildPhase;
			buildActionMask = 2147483647;
			files = (
				273C2A191BB8383500FB1494 /* LaunchScreen.storyboard in Resources */,
				273C2A161BB8383500FB1494 /* Assets.xcassets in Resources */,
				273C2A141BB8383500FB1494 /* Main.storyboard in Resources */,
			);
			runOnlyForDeploymentPostprocessing = 0;
		};
/* End PBXResourcesBuildPhase section */

/* Begin PBXSourcesBuildPhase section */
		273C2A021BB8383500FB1494 /* Sources */ = {
			isa = PBXSourcesBuildPhase;
			buildActionMask = 2147483647;
			files = (
				273C2A2C1BB8388100FB1494 /* DebugLogView.m in Sources */,
				273C2A2E1BB8388100FB1494 /* FileLogger.m in Sources */,
				273C2A111BB8383500FB1494 /* ViewController.m in Sources */,
				273C2A2F1BB8388100FB1494 /* UIAlertView+Easy.m in Sources */,
				273C2A2B1BB8388100FB1494 /* Debug.m in Sources */,
				273C2A2D1BB8388100FB1494 /* DebugTip.m in Sources */,
				273C2A0E1BB8383500FB1494 /* AppDelegate.m in Sources */,
				273C2A0B1BB8383500FB1494 /* main.m in Sources */,
			);
			runOnlyForDeploymentPostprocessing = 0;
		};
/* End PBXSourcesBuildPhase section */

/* Begin PBXVariantGroup section */
		273C2A121BB8383500FB1494 /* Main.storyboard */ = {
			isa = PBXVariantGroup;
			children = (
				273C2A131BB8383500FB1494 /* Base */,
			);
			name = Main.storyboard;
			sourceTree = "<group>";
		};
		273C2A171BB8383500FB1494 /* LaunchScreen.storyboard */ = {
			isa = PBXVariantGroup;
			children = (
				273C2A181BB8383500FB1494 /* Base */,
			);
			name = LaunchScreen.storyboard;
			sourceTree = "<group>";
		};
/* End PBXVariantGroup section */

/* Begin XCBuildConfiguration section */
		273C2A1B1BB8383500FB1494 /* Debug */ = {
			isa = XCBuildConfiguration;
			buildSettings = {
				ALWAYS_SEARCH_USER_PATHS = NO;
				CLANG_CXX_LANGUAGE_STANDARD = "gnu++0x";
				CLANG_CXX_LIBRARY = "libc++";
				CLANG_ENABLE_MODULES = YES;
				CLANG_ENABLE_OBJC_ARC = YES;
				CLANG_WARN_BOOL_CONVERSION = YES;
				CLANG_WARN_CONSTANT_CONVERSION = YES;
				CLANG_WARN_DIRECT_OBJC_ISA_USAGE = YES_ERROR;
				CLANG_WARN_EMPTY_BODY = YES;
				CLANG_WARN_ENUM_CONVERSION = YES;
				CLANG_WARN_INT_CONVERSION = YES;
				CLANG_WARN_OBJC_ROOT_CLASS = YES_ERROR;
				CLANG_WARN_UNREACHABLE_CODE = YES;
				CLANG_WARN__DUPLICATE_METHOD_MATCH = YES;
				"CODE_SIGN_IDENTITY[sdk=iphoneos*]" = "iPhone Developer";
				COPY_PHASE_STRIP = NO;
				DEBUG_INFORMATION_FORMAT = dwarf;
				ENABLE_STRICT_OBJC_MSGSEND = YES;
				ENABLE_TESTABILITY = YES;
				GCC_C_LANGUAGE_STANDARD = gnu99;
				GCC_DYNAMIC_NO_PIC = NO;
				GCC_NO_COMMON_BLOCKS = YES;
				GCC_OPTIMIZATION_LEVEL = 0;
				GCC_PREPROCESSOR_DEFINITIONS = (
					"DEBUG=1",
					"$(inherited)",
				);
				GCC_WARN_64_TO_32_BIT_CONVERSION = YES;
				GCC_WARN_ABOUT_RETURN_TYPE = YES_ERROR;
				GCC_WARN_UNDECLARED_SELECTOR = YES;
				GCC_WARN_UNINITIALIZED_AUTOS = YES_AGGRESSIVE;
				GCC_WARN_UNUSED_FUNCTION = YES;
				GCC_WARN_UNUSED_VARIABLE = YES;
				IPHONEOS_DEPLOYMENT_TARGET = 9.0;
				MTL_ENABLE_DEBUG_INFO = YES;
				ONLY_ACTIVE_ARCH = YES;
				SDKROOT = iphoneos;
			};
			name = Debug;
		};
		273C2A1C1BB8383500FB1494 /* Release */ = {
			isa = XCBuildConfiguration;
			buildSettings = {
				ALWAYS_SEARCH_USER_PATHS = NO;
				CLANG_CXX_LANGUAGE_STANDARD = "gnu++0x";
				CLANG_CXX_LIBRARY = "libc++";
				CLANG_ENABLE_MODULES = YES;
				CLANG_ENABLE_OBJC_ARC = YES;
				CLANG_WARN_BOOL_CONVERSION = YES;
				CLANG_WARN_CONSTANT_CONVERSION = YES;
				CLANG_WARN_DIRECT_OBJC_ISA_USAGE = YES_ERROR;
				CLANG_WARN_EMPTY_BODY = YES;
				CLANG_WARN_ENUM_CONVERSION = YES;
				CLANG_WARN_INT_CONVERSION = YES;
				CLANG_WARN_OBJC_ROOT_CLASS = YES_ERROR;
				CLANG_WARN_UNREACHABLE_CODE = YES;
				CLANG_WARN__DUPLICATE_METHOD_MATCH = YES;
				"CODE_SIGN_IDENTITY[sdk=iphoneos*]" = "iPhone Developer";
				COPY_PHASE_STRIP = NO;
				DEBUG_INFORMATION_FORMAT = "dwarf-with-dsym";
				ENABLE_NS_ASSERTIONS = NO;
				ENABLE_STRICT_OBJC_MSGSEND = YES;
				GCC_C_LANGUAGE_STANDARD = gnu99;
				GCC_NO_COMMON_BLOCKS = YES;
				GCC_WARN_64_TO_32_BIT_CONVERSION = YES;
				GCC_WARN_ABOUT_RETURN_TYPE = YES_ERROR;
				GCC_WARN_UNDECLARED_SELECTOR = YES;
				GCC_WARN_UNINITIALIZED_AUTOS = YES_AGGRESSIVE;
				GCC_WARN_UNUSED_FUNCTION = YES;
				GCC_WARN_UNUSED_VARIABLE = YES;
				IPHONEOS_DEPLOYMENT_TARGET = 9.0;
				MTL_ENABLE_DEBUG_INFO = NO;
				SDKROOT = iphoneos;
				VALIDATE_PRODUCT = YES;
			};
			name = Release;
		};
		273C2A1E1BB8383500FB1494 /* Debug */ = {
			isa = XCBuildConfiguration;
			buildSettings = {
				ASSETCATALOG_COMPILER_APPICON_NAME = AppIcon;
				INFOPLIST_FILE = TestAZDebugUtil/Info.plist;
				IPHONEOS_DEPLOYMENT_TARGET = 7.0;
				LD_RUNPATH_SEARCH_PATHS = "$(inherited) @executable_path/Frameworks";
				PRODUCT_BUNDLE_IDENTIFIER = com.landinggearup.com.TestAZDebugUtil;
				PRODUCT_NAME = "$(TARGET_NAME)";
			};
			name = Debug;
		};
		273C2A1F1BB8383500FB1494 /* Release */ = {
			isa = XCBuildConfiguration;
			buildSettings = {
				ASSETCATALOG_COMPILER_APPICON_NAME = AppIcon;
				INFOPLIST_FILE = TestAZDebugUtil/Info.plist;
				IPHONEOS_DEPLOYMENT_TARGET = 7.0;
				LD_RUNPATH_SEARCH_PATHS = "$(inherited) @executable_path/Frameworks";
				PRODUCT_BUNDLE_IDENTIFIER = com.landinggearup.com.TestAZDebugUtil;
				PRODUCT_NAME = "$(TARGET_NAME)";
			};
			name = Release;
		};
/* End XCBuildConfiguration section */

/* Begin XCConfigurationList section */
		273C2A011BB8383500FB1494 /* Build configuration list for PBXProject "TestAZDebugUtil" */ = {
			isa = XCConfigurationList;
			buildConfigurations = (
				273C2A1B1BB8383500FB1494 /* Debug */,
				273C2A1C1BB8383500FB1494 /* Release */,
			);
			defaultConfigurationIsVisible = 0;
			defaultConfigurationName = Release;
		};
		273C2A1D1BB8383500FB1494 /* Build configuration list for PBXNativeTarget "TestAZDebugUtil" */ = {
			isa = XCConfigurationList;
			buildConfigurations = (
				273C2A1E1BB8383500FB1494 /* Debug */,
				273C2A1F1BB8383500FB1494 /* Release */,
			);
			defaultConfigurationIsVisible = 0;
			defaultConfigurationName = Release;
		};
/* End XCConfigurationList section */
	};
	rootObject = 273C29FE1BB8383500FB1494 /* Project object */;
}
